
Microsoft Visual Studio Solution File, Format Version 12.00
# Visual Studio Version 16
VisualStudioVersion = 16.0.31005.135
MinimumVisualStudioVersion = 10.0.40219.1
Project("{FAE04EC0-301F-11D3-BF4B-00C04F79EFBC}") = "Lab_3", "Lab_3\Lab_3.csproj", "{27C4D2AD-1B96-43E7-A385-9B9659F308D9}"
EndProject
Global
	GlobalSection(SolutionConfigurationPlatforms) = preSolution
		Debug|Any CPU = Debug|Any CPU
		Release|Any CPU = Release|Any CPU
	EndGlobalSection
	GlobalSection(ProjectConfigurationPlatforms) = postSolution
		{27C4D2AD-1B96-43E7-A385-9B9659F308D9}.Debug|Any CPU.ActiveCfg = Debug|Any CPU
		{27C4D2AD-1B96-43E7-A385-9B9659F308D9}.Debug|Any CPU.Build.0 = Debug|Any CPU
		{27C4D2AD-1B96-43E7-A385-9B9659F308D9}.Release|Any CPU.ActiveCfg = Release|Any CPU
		{27C4D2AD-1B96-43E7-A385-9B9659F308D9}.Release|Any CPU.Build.0 = Release|Any CPU
	EndGlobalSection
	GlobalSection(SolutionProperties) = preSolution
		HideSolutionNode = FALSE
	EndGlobalSection
	GlobalSection(ExtensibilityGlobals) = postSolution
		SolutionGuid = {63AFA007-DDDC-4F65-A0CE-0CC81FA6B021}
	EndGlobalSection
EndGlobal
